
Microsoft Visual Studio Solution File, Format Version 12.00
# Visual Studio Version 16
VisualStudioVersion = 16.0.31624.102
MinimumVisualStudioVersion = 10.0.40219.1
Project("{FAE04EC0-301F-11D3-BF4B-00C04F79EFBC}") = "SayıTahminEtmeOyunu", "SayıTahminEtmeOyunu\SayıTahminEtmeOyunu.csproj", "{33C993E7-0B5D-4626-914C-87680353DBD7}"
EndProject
Global
	GlobalSection(SolutionConfigurationPlatforms) = preSolution
		Debug|Any CPU = Debug|Any CPU
		Release|Any CPU = Release|Any CPU
	EndGlobalSection
	GlobalSection(ProjectConfigurationPlatforms) = postSolution
		{33C993E7-0B5D-4626-914C-87680353DBD7}.Debug|Any CPU.ActiveCfg = Debug|Any CPU
		{33C993E7-0B5D-4626-914C-87680353DBD7}.Debug|Any CPU.Build.0 = Debug|Any CPU
		{33C993E7-0B5D-4626-914C-87680353DBD7}.Release|Any CPU.ActiveCfg = Release|Any CPU
		{33C993E7-0B5D-4626-914C-87680353DBD7}.Release|Any CPU.Build.0 = Release|Any CPU
	EndGlobalSection
	GlobalSection(SolutionProperties) = preSolution
		HideSolutionNode = FALSE
	EndGlobalSection
	GlobalSection(ExtensibilityGlobals) = postSolution
		SolutionGuid = {70B5C04A-CEEC-4537-B6C3-46BA3BD0FB12}
	EndGlobalSection
EndGlobal
