
Microsoft Visual Studio Solution File, Format Version 12.00
# Visual Studio Version 16
VisualStudioVersion = 16.0.31624.102
MinimumVisualStudioVersion = 10.0.40219.1
Project("{FAE04EC0-301F-11D3-BF4B-00C04F79EFBC}") = "HW-7(stringMethodsExtensions)", "HW-7(stringMethodsExtensions)\HW-7(stringMethodsExtensions).csproj", "{23FF00B0-BCBF-433D-B2F9-B5C799040071}"
EndProject
Global
	GlobalSection(SolutionConfigurationPlatforms) = preSolution
		Debug|Any CPU = Debug|Any CPU
		Release|Any CPU = Release|Any CPU
	EndGlobalSection
	GlobalSection(ProjectConfigurationPlatforms) = postSolution
		{23FF00B0-BCBF-433D-B2F9-B5C799040071}.Debug|Any CPU.ActiveCfg = Debug|Any CPU
		{23FF00B0-BCBF-433D-B2F9-B5C799040071}.Debug|Any CPU.Build.0 = Debug|Any CPU
		{23FF00B0-BCBF-433D-B2F9-B5C799040071}.Release|Any CPU.ActiveCfg = Release|Any CPU
		{23FF00B0-BCBF-433D-B2F9-B5C799040071}.Release|Any CPU.Build.0 = Release|Any CPU
	EndGlobalSection
	GlobalSection(SolutionProperties) = preSolution
		HideSolutionNode = FALSE
	EndGlobalSection
	GlobalSection(ExtensibilityGlobals) = postSolution
		SolutionGuid = {AB53BFE5-BC4A-4D7D-9382-3B419CF7EE5D}
	EndGlobalSection
EndGlobal
