
Microsoft Visual Studio Solution File, Format Version 12.00
# Visual Studio Version 16
VisualStudioVersion = 16.0.31624.102
MinimumVisualStudioVersion = 10.0.40219.1
Project("{FAE04EC0-301F-11D3-BF4B-00C04F79EFBC}") = "5SayınınKaresi", "5SayınınKaresi\5SayınınKaresi.csproj", "{BC5C4D67-C198-4675-9D5B-15CED5870684}"
EndProject
Global
	GlobalSection(SolutionConfigurationPlatforms) = preSolution
		Debug|Any CPU = Debug|Any CPU
		Release|Any CPU = Release|Any CPU
	EndGlobalSection
	GlobalSection(ProjectConfigurationPlatforms) = postSolution
		{BC5C4D67-C198-4675-9D5B-15CED5870684}.Debug|Any CPU.ActiveCfg = Debug|Any CPU
		{BC5C4D67-C198-4675-9D5B-15CED5870684}.Debug|Any CPU.Build.0 = Debug|Any CPU
		{BC5C4D67-C198-4675-9D5B-15CED5870684}.Release|Any CPU.ActiveCfg = Release|Any CPU
		{BC5C4D67-C198-4675-9D5B-15CED5870684}.Release|Any CPU.Build.0 = Release|Any CPU
	EndGlobalSection
	GlobalSection(SolutionProperties) = preSolution
		HideSolutionNode = FALSE
	EndGlobalSection
	GlobalSection(ExtensibilityGlobals) = postSolution
		SolutionGuid = {5ACBF908-39CA-4FFE-9CD1-580CC9D8FD6E}
	EndGlobalSection
EndGlobal
